// !$*UTF8*$!
{
	archiveVersion = 1;
	classes = {
	};
	objectVersion = 50;
	objects = {

/* Begin PBXBuildFile section */
		71AEFF47253637600050E0D1 /* AppDelegate.swift in Sources */ = {isa = PBXBuildFile; fileRef = 71AEFF46253637600050E0D1 /* AppDelegate.swift */; };
		71AEFF49253637600050E0D1 /* SceneDelegate.swift in Sources */ = {isa = PBXBuildFile; fileRef = 71AEFF48253637600050E0D1 /* SceneDelegate.swift */; };
		71AEFF4B253637600050E0D1 /* ViewController.swift in Sources */ = {isa = PBXBuildFile; fileRef = 71AEFF4A253637600050E0D1 /* ViewController.swift */; };
		71AEFF4E253637600050E0D1 /* Main.storyboard in Resources */ = {isa = PBXBuildFile; fileRef = 71AEFF4C253637600050E0D1 /* Main.storyboard */; };
		71AEFF50253637610050E0D1 /* Assets.xcassets in Resources */ = {isa = PBXBuildFile; fileRef = 71AEFF4F253637610050E0D1 /* Assets.xcassets */; };
		71AEFF53253637610050E0D1 /* LaunchScreen.storyboard in Resources */ = {isa = PBXBuildFile; fileRef = 71AEFF51253637610050E0D1 /* LaunchScreen.storyboard */; };
		71AEFF5E253637610050E0D1 /* SwiftyDiceUITests.swift in Sources */ = {isa = PBXBuildFile; fileRef = 71AEFF5D253637610050E0D1 /* SwiftyDiceUITests.swift */; };
/* End PBXBuildFile section */

/* Begin PBXContainerItemProxy section */
		71AEFF5A253637610050E0D1 /* PBXContainerItemProxy */ = {
			isa = PBXContainerItemProxy;
			containerPortal = 71AEFF3B253637600050E0D1 /* Project object */;
			proxyType = 1;
			remoteGlobalIDString = 71AEFF42253637600050E0D1;
			remoteInfo = SwiftyDice;
		};
/* End PBXContainerItemProxy section */

/* Begin PBXFileReference section */
		71AEFF43253637600050E0D1 /* SwiftyDice.app */ = {isa = PBXFileReference; explicitFileType = wrapper.application; includeInIndex = 0; path = SwiftyDice.app; sourceTree = BUILT_PRODUCTS_DIR; };
		71AEFF46253637600050E0D1 /* AppDelegate.swift */ = {isa = PBXFileReference; lastKnownFileType = sourcecode.swift; path = AppDelegate.swift; sourceTree = "<group>"; };
		71AEFF48253637600050E0D1 /* SceneDelegate.swift */ = {isa = PBXFileReference; lastKnownFileType = sourcecode.swift; path = SceneDelegate.swift; sourceTree = "<group>"; };
		71AEFF4A253637600050E0D1 /* ViewController.swift */ = {isa = PBXFileReference; lastKnownFileType = sourcecode.swift; path = ViewController.swift; sourceTree = "<group>"; };
		71AEFF4D253637600050E0D1 /* Base */ = {isa = PBXFileReference; lastKnownFileType = file.storyboard; name = Base; path = Base.lproj/Main.storyboard; sourceTree = "<group>"; };
		71AEFF4F253637610050E0D1 /* Assets.xcassets */ = {isa = PBXFileReference; lastKnownFileType = folder.assetcatalog; path = Assets.xcassets; sourceTree = "<group>"; };
		71AEFF52253637610050E0D1 /* Base */ = {isa = PBXFileReference; lastKnownFileType = file.storyboard; name = Base; path = Base.lproj/LaunchScreen.storyboard; sourceTree = "<group>"; };
		71AEFF54253637610050E0D1 /* Info.plist */ = {isa = PBXFileReference; lastKnownFileType = text.plist.xml; path = Info.plist; sourceTree = "<group>"; };
		71AEFF59253637610050E0D1 /* SwiftyDiceUITests.xctest */ = {isa = PBXFileReference; explicitFileType = wrapper.cfbundle; includeInIndex = 0; path = SwiftyDiceUITests.xctest; sourceTree = BUILT_PRODUCTS_DIR; };
		71AEFF5D253637610050E0D1 /* SwiftyDiceUITests.swift */ = {isa = PBXFileReference; lastKnownFileType = sourcecode.swift; path = SwiftyDiceUITests.swift; sourceTree = "<group>"; };
		71AEFF5F253637610050E0D1 /* Info.plist */ = {isa = PBXFileReference; lastKnownFileType = text.plist.xml; path = Info.plist; sourceTree = "<group>"; };
/* End PBXFileReference section */

/* Begin PBXFrameworksBuildPhase section */
		71AEFF40253637600050E0D1 /* Frameworks */ = {
			isa = PBXFrameworksBuildPhase;
			buildActionMask = 2147483647;
			files = (
			);
			runOnlyForDeploymentPostprocessing = 0;
		};
		71AEFF56253637610050E0D1 /* Frameworks */ = {
			isa = PBXFrameworksBuildPhase;
			buildActionMask = 2147483647;
			files = (
			);
			runOnlyForDeploymentPostprocessing = 0;
		};
/* End PBXFrameworksBuildPhase section */

/* Begin PBXGroup section */
		71AEFF3A253637600050E0D1 = {
			isa = PBXGroup;
			children = (
				71AEFF45253637600050E0D1 /* SwiftyDice */,
				71AEFF5C253637610050E0D1 /* SwiftyDiceUITests */,
				71AEFF44253637600050E0D1 /* Products */,
			);
			sourceTree = "<group>";
		};
		71AEFF44253637600050E0D1 /* Products */ = {
			isa = PBXGroup;
			children = (
				71AEFF43253637600050E0D1 /* SwiftyDice.app */,
				71AEFF59253637610050E0D1 /* SwiftyDiceUITests.xctest */,
			);
			name = Products;
			sourceTree = "<group>";
		};
		71AEFF45253637600050E0D1 /* SwiftyDice */ = {
			isa = PBXGroup;
			children = (
				71AEFF46253637600050E0D1 /* AppDelegate.swift */,
				71AEFF48253637600050E0D1 /* SceneDelegate.swift */,
				71AEFF4A253637600050E0D1 /* ViewController.swift */,
				71AEFF4C253637600050E0D1 /* Main.storyboard */,
				71AEFF4F253637610050E0D1 /* Assets.xcassets */,
				71AEFF51253637610050E0D1 /* LaunchScreen.storyboard */,
				71AEFF54253637610050E0D1 /* Info.plist */,
			);
			path = SwiftyDice;
			sourceTree = "<group>";
		};
		71AEFF5C253637610050E0D1 /* SwiftyDiceUITests */ = {
			isa = PBXGroup;
			children = (
				71AEFF5D253637610050E0D1 /* SwiftyDiceUITests.swift */,
				71AEFF5F253637610050E0D1 /* Info.plist */,
			);
			path = SwiftyDiceUITests;
			sourceTree = "<group>";
		};
/* End PBXGroup section */

/* Begin PBXNativeTarget section */
		71AEFF42253637600050E0D1 /* SwiftyDice */ = {
			isa = PBXNativeTarget;
			buildConfigurationList = 71AEFF62253637610050E0D1 /* Build configuration list for PBXNativeTarget "SwiftyDice" */;
			buildPhases = (
				71AEFF3F253637600050E0D1 /* Sources */,
				71AEFF40253637600050E0D1 /* Frameworks */,
				71AEFF41253637600050E0D1 /* Resources */,
			);
			buildRules = (
			);
			dependencies = (
			);
			name = SwiftyDice;
			productName = SwiftyDice;
			productReference = 71AEFF43253637600050E0D1 /* SwiftyDice.app */;
			productType = "com.apple.product-type.application";
		};
		71AEFF58253637610050E0D1 /* SwiftyDiceUITests */ = {
			isa = PBXNativeTarget;
			buildConfigurationList = 71AEFF65253637610050E0D1 /* Build configuration list for PBXNativeTarget "SwiftyDiceUITests" */;
			buildPhases = (
				71AEFF55253637610050E0D1 /* Sources */,
				71AEFF56253637610050E0D1 /* Frameworks */,
				71AEFF57253637610050E0D1 /* Resources */,
			);
			buildRules = (
			);
			dependencies = (
				71AEFF5B253637610050E0D1 /* PBXTargetDependency */,
			);
			name = SwiftyDiceUITests;
			productName = SwiftyDiceUITests;
			productReference = 71AEFF59253637610050E0D1 /* SwiftyDiceUITests.xctest */;
			productType = "com.apple.product-type.bundle.ui-testing";
		};
/* End PBXNativeTarget section */

/* Begin PBXProject section */
		71AEFF3B253637600050E0D1 /* Project object */ = {
			isa = PBXProject;
			attributes = {
				LastSwiftUpdateCheck = 1130;
				LastUpgradeCheck = 1130;
				ORGANIZATIONNAME = "Nathan Mckenzie";
				TargetAttributes = {
					71AEFF42253637600050E0D1 = {
						CreatedOnToolsVersion = 11.3.1;
					};
					71AEFF58253637610050E0D1 = {
						CreatedOnToolsVersion = 11.3.1;
						TestTargetID = 71AEFF42253637600050E0D1;
					};
				};
			};
			buildConfigurationList = 71AEFF3E253637600050E0D1 /* Build configuration list for PBXProject "SwiftyDice" */;
			compatibilityVersion = "Xcode 9.3";
			developmentRegion = en;
			hasScannedForEncodings = 0;
			knownRegions = (
				en,
				Base,
			);
			mainGroup = 71AEFF3A253637600050E0D1;
			productRefGroup = 71AEFF44253637600050E0D1 /* Products */;
			projectDirPath = "";
			projectRoot = "";
			targets = (
				71AEFF42253637600050E0D1 /* SwiftyDice */,
				71AEFF58253637610050E0D1 /* SwiftyDiceUITests */,
			);
		};
/* End PBXProject section */

/* Begin PBXResourcesBuildPhase section */
		71AEFF41253637600050E0D1 /* Resources */ = {
			isa = PBXResourcesBuildPhase;
			buildActionMask = 2147483647;
			files = (
				71AEFF53253637610050E0D1 /* LaunchScreen.storyboard in Resources */,
				71AEFF50253637610050E0D1 /* Assets.xcassets in Resources */,
				71AEFF4E253637600050E0D1 /* Main.storyboard in Resources */,
			);
			runOnlyForDeploymentPostprocessing = 0;
		};
		71AEFF57253637610050E0D1 /* Resources */ = {
			isa = PBXResourcesBuildPhase;
			buildActionMask = 2147483647;
			files = (
			);
			runOnlyForDeploymentPostprocessing = 0;
		};
/* End PBXResourcesBuildPhase section */

/* Begin PBXSourcesBuildPhase section */
		71AEFF3F253637600050E0D1 /* Sources */ = {
			isa = PBXSourcesBuildPhase;
			buildActionMask = 2147483647;
			files = (
				71AEFF4B253637600050E0D1 /* ViewController.swift in Sources */,
				71AEFF47253637600050E0D1 /* AppDelegate.swift in Sources */,
				71AEFF49253637600050E0D1 /* SceneDelegate.swift in Sources */,
			);
			runOnlyForDeploymentPostprocessing = 0;
		};
		71AEFF55253637610050E0D1 /* Sources */ = {
			isa = PBXSourcesBuildPhase;
			buildActionMask = 2147483647;
			files = (
				71AEFF5E253637610050E0D1 /* SwiftyDiceUITests.swift in Sources */,
			);
			runOnlyForDeploymentPostprocessing = 0;
		};
/* End PBXSourcesBuildPhase section */

/* Begin PBXTargetDependency section */
		71AEFF5B253637610050E0D1 /* PBXTargetDependency */ = {
			isa = PBXTargetDependency;
			target = 71AEFF42253637600050E0D1 /* SwiftyDice */;
			targetProxy = 71AEFF5A253637610050E0D1 /* PBXContainerItemProxy */;
		};
/* End PBXTargetDependency section */

/* Begin PBXVariantGroup section */
		71AEFF4C253637600050E0D1 /* Main.storyboard */ = {
			isa = PBXVariantGroup;
			children = (
				71AEFF4D253637600050E0D1 /* Base */,
			);
			name = Main.storyboard;
			sourceTree = "<group>";
		};
		71AEFF51253637610050E0D1 /* LaunchScreen.storyboard */ = {
			isa = PBXVariantGroup;
			children = (
				71AEFF52253637610050E0D1 /* Base */,
			);
			name = LaunchScreen.storyboard;
			sourceTree = "<group>";
		};
/* End PBXVariantGroup section */

/* Begin XCBuildConfiguration section */
		71AEFF60253637610050E0D1 /* Debug */ = {
			isa = XCBuildConfiguration;
			buildSettings = {
				ALWAYS_SEARCH_USER_PATHS = NO;
				CLANG_ANALYZER_NONNULL = YES;
				CLANG_ANALYZER_NUMBER_OBJECT_CONVERSION = YES_AGGRESSIVE;
				CLANG_CXX_LANGUAGE_STANDARD = "gnu++14";
				CLANG_CXX_LIBRARY = "libc++";
				CLANG_ENABLE_MODULES = YES;
				CLANG_ENABLE_OBJC_ARC = YES;
				CLANG_ENABLE_OBJC_WEAK = YES;
				CLANG_WARN_BLOCK_CAPTURE_AUTORELEASING = YES;
				CLANG_WARN_BOOL_CONVERSION = YES;
				CLANG_WARN_COMMA = YES;
				CLANG_WARN_CONSTANT_CONVERSION = YES;
				CLANG_WARN_DEPRECATED_OBJC_IMPLEMENTATIONS = YES;
				CLANG_WARN_DIRECT_OBJC_ISA_USAGE = YES_ERROR;
				CLANG_WARN_DOCUMENTATION_COMMENTS = YES;
				CLANG_WARN_EMPTY_BODY = YES;
				CLANG_WARN_ENUM_CONVERSION = YES;
				CLANG_WARN_INFINITE_RECURSION = YES;
				CLANG_WARN_INT_CONVERSION = YES;
				CLANG_WARN_NON_LITERAL_NULL_CONVERSION = YES;
				CLANG_WARN_OBJC_IMPLICIT_RETAIN_SELF = YES;
				CLANG_WARN_OBJC_LITERAL_CONVERSION = YES;
				CLANG_WARN_OBJC_ROOT_CLASS = YES_ERROR;
				CLANG_WARN_RANGE_LOOP_ANALYSIS = YES;
				CLANG_WARN_STRICT_PROTOTYPES = YES;
				CLANG_WARN_SUSPICIOUS_MOVE = YES;
				CLANG_WARN_UNGUARDED_AVAILABILITY = YES_AGGRESSIVE;
				CLANG_WARN_UNREACHABLE_CODE = YES;
				CLANG_WARN__DUPLICATE_METHOD_MATCH = YES;
				COPY_PHASE_STRIP = NO;
				DEBUG_INFORMATION_FORMAT = dwarf;
				ENABLE_STRICT_OBJC_MSGSEND = YES;
				ENABLE_TESTABILITY = YES;
				GCC_C_LANGUAGE_STANDARD = gnu11;
				GCC_DYNAMIC_NO_PIC = NO;
				GCC_NO_COMMON_BLOCKS = YES;
				GCC_OPTIMIZATION_LEVEL = 0;
				GCC_PREPROCESSOR_DEFINITIONS = (
					"DEBUG=1",
					"$(inherited)",
				);
				GCC_WARN_64_TO_32_BIT_CONVERSION = YES;
				GCC_WARN_ABOUT_RETURN_TYPE = YES_ERROR;
				GCC_WARN_UNDECLARED_SELECTOR = YES;
				GCC_WARN_UNINITIALIZED_AUTOS = YES_AGGRESSIVE;
				GCC_WARN_UNUSED_FUNCTION = YES;
				GCC_WARN_UNUSED_VARIABLE = YES;
				IPHONEOS_DEPLOYMENT_TARGET = 13.2;
				MTL_ENABLE_DEBUG_INFO = INCLUDE_SOURCE;
				MTL_FAST_MATH = YES;
				ONLY_ACTIVE_ARCH = YES;
				SDKROOT = iphoneos;
				SWIFT_ACTIVE_COMPILATION_CONDITIONS = DEBUG;
				SWIFT_OPTIMIZATION_LEVEL = "-Onone";
			};
			name = Debug;
		};
		71AEFF61253637610050E0D1 /* Release */ = {
			isa = XCBuildConfiguration;
			buildSettings = {
				ALWAYS_SEARCH_USER_PATHS = NO;
				CLANG_ANALYZER_NONNULL = YES;
				CLANG_ANALYZER_NUMBER_OBJECT_CONVERSION = YES_AGGRESSIVE;
				CLANG_CXX_LANGUAGE_STANDARD = "gnu++14";
				CLANG_CXX_LIBRARY = "libc++";
				CLANG_ENABLE_MODULES = YES;
				CLANG_ENABLE_OBJC_ARC = YES;
				CLANG_ENABLE_OBJC_WEAK = YES;
				CLANG_WARN_BLOCK_CAPTURE_AUTORELEASING = YES;
				CLANG_WARN_BOOL_CONVERSION = YES;
				CLANG_WARN_COMMA = YES;
				CLANG_WARN_CONSTANT_CONVERSION = YES;
				CLANG_WARN_DEPRECATED_OBJC_IMPLEMENTATIONS = YES;
				CLANG_WARN_DIRECT_OBJC_ISA_USAGE = YES_ERROR;
				CLANG_WARN_DOCUMENTATION_COMMENTS = YES;
				CLANG_WARN_EMPTY_BODY = YES;
				CLANG_WARN_ENUM_CONVERSION = YES;
				CLANG_WARN_INFINITE_RECURSION = YES;
				CLANG_WARN_INT_CONVERSION = YES;
				CLANG_WARN_NON_LITERAL_NULL_CONVERSION = YES;
				CLANG_WARN_OBJC_IMPLICIT_RETAIN_SELF = YES;
				CLANG_WARN_OBJC_LITERAL_CONVERSION = YES;
				CLANG_WARN_OBJC_ROOT_CLASS = YES_ERROR;
				CLANG_WARN_RANGE_LOOP_ANALYSIS = YES;
				CLANG_WARN_STRICT_PROTOTYPES = YES;
				CLANG_WARN_SUSPICIOUS_MOVE = YES;
				CLANG_WARN_UNGUARDED_AVAILABILITY = YES_AGGRESSIVE;
				CLANG_WARN_UNREACHABLE_CODE = YES;
				CLANG_WARN__DUPLICATE_METHOD_MATCH = YES;
				COPY_PHASE_STRIP = NO;
				DEBUG_INFORMATION_FORMAT = "dwarf-with-dsym";
				ENABLE_NS_ASSERTIONS = NO;
				ENABLE_STRICT_OBJC_MSGSEND = YES;
				GCC_C_LANGUAGE_STANDARD = gnu11;
				GCC_NO_COMMON_BLOCKS = YES;
				GCC_WARN_64_TO_32_BIT_CONVERSION = YES;
				GCC_WARN_ABOUT_RETURN_TYPE = YES_ERROR;
				GCC_WARN_UNDECLARED_SELECTOR = YES;
				GCC_WARN_UNINITIALIZED_AUTOS = YES_AGGRESSIVE;
				GCC_WARN_UNUSED_FUNCTION = YES;
				GCC_WARN_UNUSED_VARIABLE = YES;
				IPHONEOS_DEPLOYMENT_TARGET = 13.2;
				MTL_ENABLE_DEBUG_INFO = NO;
				MTL_FAST_MATH = YES;
				SDKROOT = iphoneos;
				SWIFT_COMPILATION_MODE = wholemodule;
				SWIFT_OPTIMIZATION_LEVEL = "-O";
				VALIDATE_PRODUCT = YES;
			};
			name = Release;
		};
		71AEFF63253637610050E0D1 /* Debug */ = {
			isa = XCBuildConfiguration;
			buildSettings = {
				ASSETCATALOG_COMPILER_APPICON_NAME = AppIcon;
				CODE_SIGN_STYLE = Automatic;
				INFOPLIST_FILE = SwiftyDice/Info.plist;
				LD_RUNPATH_SEARCH_PATHS = (
					"$(inherited)",
					"@executable_path/Frameworks",
				);
				PRODUCT_BUNDLE_IDENTIFIER = com.SwiftyDice;
				PRODUCT_NAME = "$(TARGET_NAME)";
				SWIFT_VERSION = 5.0;
				TARGETED_DEVICE_FAMILY = "1,2";
			};
			name = Debug;
		};
		71AEFF64253637610050E0D1 /* Release */ = {
			isa = XCBuildConfiguration;
			buildSettings = {
				ASSETCATALOG_COMPILER_APPICON_NAME = AppIcon;
				CODE_SIGN_STYLE = Automatic;
				INFOPLIST_FILE = SwiftyDice/Info.plist;
				LD_RUNPATH_SEARCH_PATHS = (
					"$(inherited)",
					"@executable_path/Frameworks",
				);
				PRODUCT_BUNDLE_IDENTIFIER = com.SwiftyDice;
				PRODUCT_NAME = "$(TARGET_NAME)";
				SWIFT_VERSION = 5.0;
				TARGETED_DEVICE_FAMILY = "1,2";
			};
			name = Release;
		};
		71AEFF66253637610050E0D1 /* Debug */ = {
			isa = XCBuildConfiguration;
			buildSettings = {
				ALWAYS_EMBED_SWIFT_STANDARD_LIBRARIES = YES;
				CODE_SIGN_STYLE = Automatic;
				INFOPLIST_FILE = SwiftyDiceUITests/Info.plist;
				LD_RUNPATH_SEARCH_PATHS = (
					"$(inherited)",
					"@executable_path/Frameworks",
					"@loader_path/Frameworks",
				);
				PRODUCT_BUNDLE_IDENTIFIER = com.SwiftyDiceUITests;
				PRODUCT_NAME = "$(TARGET_NAME)";
				SWIFT_VERSION = 5.0;
				TARGETED_DEVICE_FAMILY = "1,2";
				TEST_TARGET_NAME = SwiftyDice;
			};
			name = Debug;
		};
		71AEFF67253637610050E0D1 /* Release */ = {
			isa = XCBuildConfiguration;
			buildSettings = {
				ALWAYS_EMBED_SWIFT_STANDARD_LIBRARIES = YES;
				CODE_SIGN_STYLE = Automatic;
				INFOPLIST_FILE = SwiftyDiceUITests/Info.plist;
				LD_RUNPATH_SEARCH_PATHS = (
					"$(inherited)",
					"@executable_path/Frameworks",
					"@loader_path/Frameworks",
				);
				PRODUCT_BUNDLE_IDENTIFIER = com.SwiftyDiceUITests;
				PRODUCT_NAME = "$(TARGET_NAME)";
				SWIFT_VERSION = 5.0;
				TARGETED_DEVICE_FAMILY = "1,2";
				TEST_TARGET_NAME = SwiftyDice;
			};
			name = Release;
		};
/* End XCBuildConfiguration section */

/* Begin XCConfigurationList section */
		71AEFF3E253637600050E0D1 /* Build configuration list for PBXProject "SwiftyDice" */ = {
			isa = XCConfigurationList;
			buildConfigurations = (
				71AEFF60253637610050E0D1 /* Debug */,
				71AEFF61253637610050E0D1 /* Release */,
			);
			defaultConfigurationIsVisible = 0;
			defaultConfigurationName = Release;
		};
		71AEFF62253637610050E0D1 /* Build configuration list for PBXNativeTarget "SwiftyDice" */ = {
			isa = XCConfigurationList;
			buildConfigurations = (
				71AEFF63253637610050E0D1 /* Debug */,
				71AEFF64253637610050E0D1 /* Release */,
			);
			defaultConfigurationIsVisible = 0;
			defaultConfigurationName = Release;
		};
		71AEFF65253637610050E0D1 /* Build configuration list for PBXNativeTarget "SwiftyDiceUITests" */ = {
			isa = XCConfigurationList;
			buildConfigurations = (
				71AEFF66253637610050E0D1 /* Debug */,
				71AEFF67253637610050E0D1 /* Release */,
			);
			defaultConfigurationIsVisible = 0;
			defaultConfigurationName = Release;
		};
/* End XCConfigurationList section */
	};
	rootObject = 71AEFF3B253637600050E0D1 /* Project object */;
}
